{
  "name": "advent-of-code",
  "version": "1.0.0",
  "lockfileVersion": 1,
  "requires": true,
  "dependencies": {
    "@types/node": {
      "version": "14.14.7",
      "resolved": "http://artifactory.shuttercorp.net/artifactory/api/npm/npm-composite/@types/node/-/node-14.14.7.tgz",
      "integrity": "sha1-jqHo+OriQwz0QFZLmMbfzh7FlF0="
    },
    "arg": {
      "version": "4.1.3",
      "resolved": "http://artifactory.shuttercorp.net/artifactory/api/npm/npm-composite/arg/-/arg-4.1.3.tgz",
      "integrity": "sha1-Jp/HrVuOQstjyJbVZmAXJhwUQIk="
    },
    "buffer-from": {
      "version": "1.1.1",
      "resolved": "http://artifactory.shuttercorp.net/artifactory/api/npm/npm-composite/buffer-from/-/buffer-from-1.1.1.tgz",
      "integrity": "sha1-MnE7wCj3XAL9txDXx7zsHyxgcO8="
    },
    "diff": {
      "version": "4.0.2",
      "resolved": "http://artifactory.shuttercorp.net/artifactory/api/npm/npm-composite/diff/-/diff-4.0.2.tgz",
      "integrity": "sha1-YPOuy4nV+uUgwRqhnvwruYKq3n0="
    },
    "events": {
      "version": "3.2.0",
      "resolved": "http://artifactory.shuttercorp.net/artifactory/api/npm/npm-composite/events/-/events-3.2.0.tgz",
      "integrity": "sha1-k7h8GPjvzUICpGGuxN/AVWtjk3k="
    },
    "graphology": {
      "version": "0.19.2",
      "resolved": "http://artifactory.shuttercorp.net/artifactory/api/npm/npm-composite/graphology/-/graphology-0.19.2.tgz",
      "integrity": "sha1-xUdtxJ4Wp8d3ErEHpjNnzX9nm/I=",
      "requires": {
        "events": "^3.2.0",
        "obliterator": "^1.6.1"
      }
    },
    "graphology-traversal": {
      "version": "0.2.0",
      "resolved": "http://artifactory.shuttercorp.net/artifactory/api/npm/npm-composite/graphology-traversal/-/graphology-traversal-0.2.0.tgz",
      "integrity": "sha1-p5BjCYMN5997HG/heMsO3do5eoE=",
      "requires": {
        "graphology-utils": "^1.8.0",
        "mnemonist": "^0.38.0"
      }
    },
    "graphology-types": {
      "version": "0.19.0",
      "resolved": "http://artifactory.shuttercorp.net/artifactory/api/npm/npm-composite/graphology-types/-/graphology-types-0.19.0.tgz",
      "integrity": "sha1-o2BeV9uUUv3gP6t3zWN5+l8I1vs="
    },
    "graphology-utils": {
      "version": "1.8.0",
      "resolved": "http://artifactory.shuttercorp.net/artifactory/api/npm/npm-composite/graphology-utils/-/graphology-utils-1.8.0.tgz",
      "integrity": "sha1-QTFcRoZW4qPgKKdkaLvC++QrAUU="
    },
    "make-error": {
      "version": "1.3.6",
      "resolved": "http://artifactory.shuttercorp.net/artifactory/api/npm/npm-composite/make-error/-/make-error-1.3.6.tgz",
      "integrity": "sha1-LrLjfqm2fEiR9oShOUeZr0hM96I="
    },
    "mnemonist": {
      "version": "0.38.0",
      "resolved": "http://artifactory.shuttercorp.net/artifactory/api/npm/npm-composite/mnemonist/-/mnemonist-0.38.0.tgz",
      "integrity": "sha1-6hwywi8mlW2reoxazFbAO4Arm1A=",
      "requires": {
        "obliterator": "^1.6.1"
      }
    },
    "obliterator": {
      "version": "1.6.1",
      "resolved": "http://artifactory.shuttercorp.net/artifactory/api/npm/npm-composite/obliterator/-/obliterator-1.6.1.tgz",
      "integrity": "sha1-3qA+irgh9sTZaimeF672o6+ZTvM="
    },
    "source-map": {
      "version": "0.6.1",
      "resolved": "http://artifactory.shuttercorp.net/artifactory/api/npm/npm-composite/source-map/-/source-map-0.6.1.tgz",
      "integrity": "sha1-dHIq8y6WFOnCh6jQu95IteLxomM="
    },
    "source-map-support": {
      "version": "0.5.19",
      "resolved": "http://artifactory.shuttercorp.net/artifactory/api/npm/npm-composite/source-map-support/-/source-map-support-0.5.19.tgz",
      "integrity": "sha1-qYti+G3K9PZzmWSMCFKRq56P7WE=",
      "requires": {
        "buffer-from": "^1.0.0",
        "source-map": "^0.6.0"
      }
    },
    "ts-node": {
      "version": "9.0.0",
      "resolved": "http://artifactory.shuttercorp.net/artifactory/api/npm/npm-composite/ts-node/-/ts-node-9.0.0.tgz",
      "integrity": "sha1-52mdKhEMyMDTuDFxXkF2iGg0YLM=",
      "requires": {
        "arg": "^4.1.0",
        "diff": "^4.0.1",
        "make-error": "^1.1.1",
        "source-map-support": "^0.5.17",
        "yn": "3.1.1"
      }
    },
    "typescript": {
      "version": "4.0.5",
      "resolved": "http://artifactory.shuttercorp.net/artifactory/api/npm/npm-composite/typescript/-/typescript-4.0.5.tgz",
      "integrity": "sha1-rp3d/RBp8ctb6z7zshcN18EzI4k="
    },
    "yn": {
      "version": "3.1.1",
      "resolved": "http://artifactory.shuttercorp.net/artifactory/api/npm/npm-composite/yn/-/yn-3.1.1.tgz",
      "integrity": "sha1-HodAGgnXZ8HV6rJqbkwYUYLS61A="
    }
  }
}
